{
  "dependencies": {
    "grunt-groc": {
      "version": "0.4.5",
      "from": "grunt-groc@",
      "resolved": "https://registry.npmjs.org/grunt-groc/-/grunt-groc-0.4.5.tgz",
      "dependencies": {
        "groc": {
          "version": "0.7.0",
          "from": "groc@~0.7.0",
          "resolved": "https://registry.npmjs.org/groc/-/groc-0.7.0.tgz"
          },
        "lodash": {
          "version": "2.4.1",
          "from": "lodash@~2.4.0",
          "resolved": "https://registry.npmjs.org/lodash/-/lodash-2.4.1.tgz"
        }
      }
    }
  }
}

